
Microsoft Visual Studio Solution File, Format Version 12.00
# Visual Studio Version 16
VisualStudioVersion = 16.0.30011.22
MinimumVisualStudioVersion = 10.0.40219.1
Project("{9A19103F-16F7-4668-BE54-9A1E7A4F7556}") = "AbleSync.Core", "AbleSync.Core\AbleSync.Core.csproj", "{AFF46EEE-3194-4704-A8CF-4EEFA4BF206D}"
EndProject
Project("{2150E333-8FDC-42A3-9474-1A3956D46DE8}") = "Solution Items", "Solution Items", "{FB116571-6420-4FEF-B126-D9E1EFE42BF7}"
	ProjectSection(SolutionItems) = preProject
		.editorconfig = .editorconfig
	EndProjectSection
EndProject
Project("{9A19103F-16F7-4668-BE54-9A1E7A4F7556}") = "AbleSync.Infrastructure", "AbleSync.Infrastructure\AbleSync.Infrastructure.csproj", "{8BB1E4AE-499C-40C8-874A-5EB9FADD3FFB}"
EndProject
Project("{9A19103F-16F7-4668-BE54-9A1E7A4F7556}") = "AbleSync.BackgroundWorker", "AbleSync.BackgroundWorker\AbleSync.BackgroundWorker.csproj", "{FF97A9B4-3C7D-4753-9DB7-6FE98B5E3687}"
EndProject
Project("{2150E333-8FDC-42A3-9474-1A3956D46DE8}") = "contrib", "contrib", "{904A4033-E90E-4BF6-9766-59F29EF7D51E}"
EndProject
Project("{9A19103F-16F7-4668-BE54-9A1E7A4F7556}") = "RenameMe.Utility", "RenameMe.Utility\RenameMe.Utility.csproj", "{521DAA83-FF6B-49F5-8C7E-5AB77A6E10D2}"
EndProject
Project("{2150E333-8FDC-42A3-9474-1A3956D46DE8}") = "Test", "Test", "{2DFC01C1-F2C1-428A-9A7D-3D075E42596D}"
EndProject
Project("{FAE04EC0-301F-11D3-BF4B-00C04F79EFBC}") = "AbleSync.Core.Host", "AbleSync.Core.Host\AbleSync.Core.Host.csproj", "{9FFEDB60-1153-4921-B118-F50B5998B00D}"
EndProject
Global
	GlobalSection(SolutionConfigurationPlatforms) = preSolution
		Debug|Any CPU = Debug|Any CPU
		Release|Any CPU = Release|Any CPU
	EndGlobalSection
	GlobalSection(ProjectConfigurationPlatforms) = postSolution
		{AFF46EEE-3194-4704-A8CF-4EEFA4BF206D}.Debug|Any CPU.ActiveCfg = Debug|Any CPU
		{AFF46EEE-3194-4704-A8CF-4EEFA4BF206D}.Debug|Any CPU.Build.0 = Debug|Any CPU
		{AFF46EEE-3194-4704-A8CF-4EEFA4BF206D}.Release|Any CPU.ActiveCfg = Release|Any CPU
		{AFF46EEE-3194-4704-A8CF-4EEFA4BF206D}.Release|Any CPU.Build.0 = Release|Any CPU
		{8BB1E4AE-499C-40C8-874A-5EB9FADD3FFB}.Debug|Any CPU.ActiveCfg = Debug|Any CPU
		{8BB1E4AE-499C-40C8-874A-5EB9FADD3FFB}.Debug|Any CPU.Build.0 = Debug|Any CPU
		{8BB1E4AE-499C-40C8-874A-5EB9FADD3FFB}.Release|Any CPU.ActiveCfg = Release|Any CPU
		{8BB1E4AE-499C-40C8-874A-5EB9FADD3FFB}.Release|Any CPU.Build.0 = Release|Any CPU
		{FF97A9B4-3C7D-4753-9DB7-6FE98B5E3687}.Debug|Any CPU.ActiveCfg = Debug|Any CPU
		{FF97A9B4-3C7D-4753-9DB7-6FE98B5E3687}.Debug|Any CPU.Build.0 = Debug|Any CPU
		{FF97A9B4-3C7D-4753-9DB7-6FE98B5E3687}.Release|Any CPU.ActiveCfg = Release|Any CPU
		{FF97A9B4-3C7D-4753-9DB7-6FE98B5E3687}.Release|Any CPU.Build.0 = Release|Any CPU
		{521DAA83-FF6B-49F5-8C7E-5AB77A6E10D2}.Debug|Any CPU.ActiveCfg = Debug|Any CPU
		{521DAA83-FF6B-49F5-8C7E-5AB77A6E10D2}.Debug|Any CPU.Build.0 = Debug|Any CPU
		{521DAA83-FF6B-49F5-8C7E-5AB77A6E10D2}.Release|Any CPU.ActiveCfg = Release|Any CPU
		{521DAA83-FF6B-49F5-8C7E-5AB77A6E10D2}.Release|Any CPU.Build.0 = Release|Any CPU
		{9FFEDB60-1153-4921-B118-F50B5998B00D}.Debug|Any CPU.ActiveCfg = Debug|Any CPU
		{9FFEDB60-1153-4921-B118-F50B5998B00D}.Debug|Any CPU.Build.0 = Debug|Any CPU
		{9FFEDB60-1153-4921-B118-F50B5998B00D}.Release|Any CPU.ActiveCfg = Release|Any CPU
		{9FFEDB60-1153-4921-B118-F50B5998B00D}.Release|Any CPU.Build.0 = Release|Any CPU
	EndGlobalSection
	GlobalSection(SolutionProperties) = preSolution
		HideSolutionNode = FALSE
	EndGlobalSection
	GlobalSection(NestedProjects) = preSolution
		{521DAA83-FF6B-49F5-8C7E-5AB77A6E10D2} = {904A4033-E90E-4BF6-9766-59F29EF7D51E}
	EndGlobalSection
	GlobalSection(ExtensibilityGlobals) = postSolution
		SolutionGuid = {75C88063-FCB9-4D39-A9F8-AB5B4CAE6F1F}
	EndGlobalSection
EndGlobal
